<Solution>
  <Project Path="EzraToDo.Api/EzraToDo.Api.csproj" />
  <Project Path="EzraToDo.AppHost/EzraToDo.AppHost.csproj" />
  <Project Path="EzraToDo.Application/EzraToDo.Application.csproj" />
  <Project Path="EzraToDo.Domain/EzraToDo.Domain.csproj" />
  <Project Path="EzraToDo.Infrastructure/EzraToDo.Infrastructure.csproj" />
  <Project Path="EzraToDo.Tests/EzraToDo.Tests.csproj" />
</Solution>
